
Microsoft Visual Studio Solution File, Format Version 12.00
# Visual Studio Version 17
VisualStudioVersion = 17.0.31903.59
MinimumVisualStudioVersion = 10.0.40219.1
Project("{FAE04EC0-301F-11D3-BF4B-00C04F79EFBC}") = "API", "API\API.csproj", "{40EB2CD7-FCB1-4616-98EE-61BC38FD9B56}"
EndProject
Project("{FAE04EC0-301F-11D3-BF4B-00C04F79EFBC}") = "Application", "Application\Application.csproj", "{2000D75C-240C-432B-BD07-0A91A8C2EA68}"
EndProject
Project("{FAE04EC0-301F-11D3-BF4B-00C04F79EFBC}") = "Domain", "Domain\Domain.csproj", "{1B693F91-4B35-4B24-A4DF-2A6087C0C35A}"
EndProject
Project("{FAE04EC0-301F-11D3-BF4B-00C04F79EFBC}") = "Infrastructure", "Infrastructure\Infrastructure.csproj", "{A159285F-8C3D-444E-8254-A11D0BBB4CB9}"
EndProject
Project("{FAE04EC0-301F-11D3-BF4B-00C04F79EFBC}") = "Persistence", "Persistence\Persistence.csproj", "{FAE9C5D1-9161-44DE-9852-A0EBCC470926}"
EndProject
Global
	GlobalSection(SolutionConfigurationPlatforms) = preSolution
		Debug|Any CPU = Debug|Any CPU
		Release|Any CPU = Release|Any CPU
	EndGlobalSection
	GlobalSection(SolutionProperties) = preSolution
		HideSolutionNode = FALSE
	EndGlobalSection
	GlobalSection(ProjectConfigurationPlatforms) = postSolution
		{40EB2CD7-FCB1-4616-98EE-61BC38FD9B56}.Debug|Any CPU.ActiveCfg = Debug|Any CPU
		{40EB2CD7-FCB1-4616-98EE-61BC38FD9B56}.Debug|Any CPU.Build.0 = Debug|Any CPU
		{40EB2CD7-FCB1-4616-98EE-61BC38FD9B56}.Release|Any CPU.ActiveCfg = Release|Any CPU
		{40EB2CD7-FCB1-4616-98EE-61BC38FD9B56}.Release|Any CPU.Build.0 = Release|Any CPU
		{2000D75C-240C-432B-BD07-0A91A8C2EA68}.Debug|Any CPU.ActiveCfg = Debug|Any CPU
		{2000D75C-240C-432B-BD07-0A91A8C2EA68}.Debug|Any CPU.Build.0 = Debug|Any CPU
		{2000D75C-240C-432B-BD07-0A91A8C2EA68}.Release|Any CPU.ActiveCfg = Release|Any CPU
		{2000D75C-240C-432B-BD07-0A91A8C2EA68}.Release|Any CPU.Build.0 = Release|Any CPU
		{1B693F91-4B35-4B24-A4DF-2A6087C0C35A}.Debug|Any CPU.ActiveCfg = Debug|Any CPU
		{1B693F91-4B35-4B24-A4DF-2A6087C0C35A}.Debug|Any CPU.Build.0 = Debug|Any CPU
		{1B693F91-4B35-4B24-A4DF-2A6087C0C35A}.Release|Any CPU.ActiveCfg = Release|Any CPU
		{1B693F91-4B35-4B24-A4DF-2A6087C0C35A}.Release|Any CPU.Build.0 = Release|Any CPU
		{A159285F-8C3D-444E-8254-A11D0BBB4CB9}.Debug|Any CPU.ActiveCfg = Debug|Any CPU
		{A159285F-8C3D-444E-8254-A11D0BBB4CB9}.Debug|Any CPU.Build.0 = Debug|Any CPU
		{A159285F-8C3D-444E-8254-A11D0BBB4CB9}.Release|Any CPU.ActiveCfg = Release|Any CPU
		{A159285F-8C3D-444E-8254-A11D0BBB4CB9}.Release|Any CPU.Build.0 = Release|Any CPU
		{FAE9C5D1-9161-44DE-9852-A0EBCC470926}.Debug|Any CPU.ActiveCfg = Debug|Any CPU
		{FAE9C5D1-9161-44DE-9852-A0EBCC470926}.Debug|Any CPU.Build.0 = Debug|Any CPU
		{FAE9C5D1-9161-44DE-9852-A0EBCC470926}.Release|Any CPU.ActiveCfg = Release|Any CPU
		{FAE9C5D1-9161-44DE-9852-A0EBCC470926}.Release|Any CPU.Build.0 = Release|Any CPU
	EndGlobalSection
EndGlobal
